
Microsoft Visual Studio Solution File, Format Version 12.00
# Visual Studio 14
VisualStudioVersion = 14.0.24720.0
MinimumVisualStudioVersion = 10.0.40219.1
Project("{8BC9CEB8-8B4A-11D0-8D11-00A0C91BC942}") = "OsuReplay.Resources", "OsuReplay.Resources\OsuReplay.Resources.vcxproj", "{2FF4FDB1-234C-41F6-8403-2FD1ECFE3627}"
EndProject
Project("{FAE04EC0-301F-11D3-BF4B-00C04F79EFBC}") = "OsuReplay.Http", "OsuReplay.Http\OsuReplay.Http.csproj", "{7957B3B4-BE0E-4886-9086-DF36C759AB1A}"
EndProject
Project("{FAE04EC0-301F-11D3-BF4B-00C04F79EFBC}") = "OsuReplay.Osu", "OsuReplay.Osu\OsuReplay.Osu.csproj", "{14A0003F-2A01-4AA2-8B8C-861D5AC1B270}"
EndProject
Project("{FAE04EC0-301F-11D3-BF4B-00C04F79EFBC}") = "OsuReplay.Utils", "OsuReplay.Utils\OsuReplay.Utils.csproj", "{D3C07B1E-D67A-44A7-8888-945A3E04CCAC}"
EndProject
Project("{FAE04EC0-301F-11D3-BF4B-00C04F79EFBC}") = "OsuReplay.Storage", "OsuReplay.Storage\OsuReplay.Storage.csproj", "{8FCE48CC-43F8-4AA0-8C19-0A4E7AF0CED2}"
EndProject
Project("{FAE04EC0-301F-11D3-BF4B-00C04F79EFBC}") = "OsuReplay.Store", "OsuReplay.Store\OsuReplay.Store.csproj", "{4E87CB49-9642-4203-AE5B-A0184C3A25D1}"
EndProject
Project("{FAE04EC0-301F-11D3-BF4B-00C04F79EFBC}") = "OsuReplay.Log", "OsuReplay.Log\OsuReplay.Log.csproj", "{3218C9C2-0F00-423A-8222-3E109E025699}"
EndProject
Project("{FAE04EC0-301F-11D3-BF4B-00C04F79EFBC}") = "OsuReplay.Configuration", "OsuReplay.Configuration\OsuReplay.Configuration.csproj", "{470F336B-97D0-49AA-920C-742C4A4D2572}"
EndProject
Project("{FAE04EC0-301F-11D3-BF4B-00C04F79EFBC}") = "OsuReplay", "OsuReplay\OsuReplay.csproj", "{DAC9BCB3-7185-4C76-AF8C-5B18E26F58B5}"
EndProject
Global
	GlobalSection(SolutionConfigurationPlatforms) = preSolution
		Debug|Any CPU = Debug|Any CPU
		Debug|x64 = Debug|x64
		Debug|x86 = Debug|x86
		Release|Any CPU = Release|Any CPU
		Release|x64 = Release|x64
		Release|x86 = Release|x86
	EndGlobalSection
	GlobalSection(ProjectConfigurationPlatforms) = postSolution
		{2FF4FDB1-234C-41F6-8403-2FD1ECFE3627}.Debug|Any CPU.ActiveCfg = Debug|Win32
		{2FF4FDB1-234C-41F6-8403-2FD1ECFE3627}.Debug|x64.ActiveCfg = Debug|x64
		{2FF4FDB1-234C-41F6-8403-2FD1ECFE3627}.Debug|x64.Build.0 = Debug|x64
		{2FF4FDB1-234C-41F6-8403-2FD1ECFE3627}.Debug|x86.ActiveCfg = Debug|Win32
		{2FF4FDB1-234C-41F6-8403-2FD1ECFE3627}.Debug|x86.Build.0 = Debug|Win32
		{2FF4FDB1-234C-41F6-8403-2FD1ECFE3627}.Release|Any CPU.ActiveCfg = Release|Win32
		{2FF4FDB1-234C-41F6-8403-2FD1ECFE3627}.Release|Any CPU.Build.0 = Release|Win32
		{2FF4FDB1-234C-41F6-8403-2FD1ECFE3627}.Release|x64.ActiveCfg = Release|x64
		{2FF4FDB1-234C-41F6-8403-2FD1ECFE3627}.Release|x64.Build.0 = Release|x64
		{2FF4FDB1-234C-41F6-8403-2FD1ECFE3627}.Release|x86.ActiveCfg = Release|Win32
		{2FF4FDB1-234C-41F6-8403-2FD1ECFE3627}.Release|x86.Build.0 = Release|Win32
		{7957B3B4-BE0E-4886-9086-DF36C759AB1A}.Debug|Any CPU.ActiveCfg = Debug|Any CPU
		{7957B3B4-BE0E-4886-9086-DF36C759AB1A}.Debug|Any CPU.Build.0 = Debug|Any CPU
		{7957B3B4-BE0E-4886-9086-DF36C759AB1A}.Debug|x64.ActiveCfg = Debug|Any CPU
		{7957B3B4-BE0E-4886-9086-DF36C759AB1A}.Debug|x64.Build.0 = Debug|Any CPU
		{7957B3B4-BE0E-4886-9086-DF36C759AB1A}.Debug|x86.ActiveCfg = Debug|Any CPU
		{7957B3B4-BE0E-4886-9086-DF36C759AB1A}.Debug|x86.Build.0 = Debug|Any CPU
		{7957B3B4-BE0E-4886-9086-DF36C759AB1A}.Release|Any CPU.ActiveCfg = Release|Any CPU
		{7957B3B4-BE0E-4886-9086-DF36C759AB1A}.Release|Any CPU.Build.0 = Release|Any CPU
		{7957B3B4-BE0E-4886-9086-DF36C759AB1A}.Release|x64.ActiveCfg = Release|Any CPU
		{7957B3B4-BE0E-4886-9086-DF36C759AB1A}.Release|x64.Build.0 = Release|Any CPU
		{7957B3B4-BE0E-4886-9086-DF36C759AB1A}.Release|x86.ActiveCfg = Release|Any CPU
		{7957B3B4-BE0E-4886-9086-DF36C759AB1A}.Release|x86.Build.0 = Release|Any CPU
		{14A0003F-2A01-4AA2-8B8C-861D5AC1B270}.Debug|Any CPU.ActiveCfg = Debug|Any CPU
		{14A0003F-2A01-4AA2-8B8C-861D5AC1B270}.Debug|Any CPU.Build.0 = Debug|Any CPU
		{14A0003F-2A01-4AA2-8B8C-861D5AC1B270}.Debug|x64.ActiveCfg = Debug|Any CPU
		{14A0003F-2A01-4AA2-8B8C-861D5AC1B270}.Debug|x64.Build.0 = Debug|Any CPU
		{14A0003F-2A01-4AA2-8B8C-861D5AC1B270}.Debug|x86.ActiveCfg = Debug|Any CPU
		{14A0003F-2A01-4AA2-8B8C-861D5AC1B270}.Debug|x86.Build.0 = Debug|Any CPU
		{14A0003F-2A01-4AA2-8B8C-861D5AC1B270}.Release|Any CPU.ActiveCfg = Release|Any CPU
		{14A0003F-2A01-4AA2-8B8C-861D5AC1B270}.Release|Any CPU.Build.0 = Release|Any CPU
		{14A0003F-2A01-4AA2-8B8C-861D5AC1B270}.Release|x64.ActiveCfg = Release|Any CPU
		{14A0003F-2A01-4AA2-8B8C-861D5AC1B270}.Release|x64.Build.0 = Release|Any CPU
		{14A0003F-2A01-4AA2-8B8C-861D5AC1B270}.Release|x86.ActiveCfg = Release|Any CPU
		{14A0003F-2A01-4AA2-8B8C-861D5AC1B270}.Release|x86.Build.0 = Release|Any CPU
		{D3C07B1E-D67A-44A7-8888-945A3E04CCAC}.Debug|Any CPU.ActiveCfg = Debug|Any CPU
		{D3C07B1E-D67A-44A7-8888-945A3E04CCAC}.Debug|Any CPU.Build.0 = Debug|Any CPU
		{D3C07B1E-D67A-44A7-8888-945A3E04CCAC}.Debug|x64.ActiveCfg = Debug|Any CPU
		{D3C07B1E-D67A-44A7-8888-945A3E04CCAC}.Debug|x64.Build.0 = Debug|Any CPU
		{D3C07B1E-D67A-44A7-8888-945A3E04CCAC}.Debug|x86.ActiveCfg = Debug|Any CPU
		{D3C07B1E-D67A-44A7-8888-945A3E04CCAC}.Debug|x86.Build.0 = Debug|Any CPU
		{D3C07B1E-D67A-44A7-8888-945A3E04CCAC}.Release|Any CPU.ActiveCfg = Release|Any CPU
		{D3C07B1E-D67A-44A7-8888-945A3E04CCAC}.Release|Any CPU.Build.0 = Release|Any CPU
		{D3C07B1E-D67A-44A7-8888-945A3E04CCAC}.Release|x64.ActiveCfg = Release|Any CPU
		{D3C07B1E-D67A-44A7-8888-945A3E04CCAC}.Release|x64.Build.0 = Release|Any CPU
		{D3C07B1E-D67A-44A7-8888-945A3E04CCAC}.Release|x86.ActiveCfg = Release|Any CPU
		{D3C07B1E-D67A-44A7-8888-945A3E04CCAC}.Release|x86.Build.0 = Release|Any CPU
		{8FCE48CC-43F8-4AA0-8C19-0A4E7AF0CED2}.Debug|Any CPU.ActiveCfg = Debug|Any CPU
		{8FCE48CC-43F8-4AA0-8C19-0A4E7AF0CED2}.Debug|Any CPU.Build.0 = Debug|Any CPU
		{8FCE48CC-43F8-4AA0-8C19-0A4E7AF0CED2}.Debug|x64.ActiveCfg = Debug|Any CPU
		{8FCE48CC-43F8-4AA0-8C19-0A4E7AF0CED2}.Debug|x64.Build.0 = Debug|Any CPU
		{8FCE48CC-43F8-4AA0-8C19-0A4E7AF0CED2}.Debug|x86.ActiveCfg = Debug|Any CPU
		{8FCE48CC-43F8-4AA0-8C19-0A4E7AF0CED2}.Debug|x86.Build.0 = Debug|Any CPU
		{8FCE48CC-43F8-4AA0-8C19-0A4E7AF0CED2}.Release|Any CPU.ActiveCfg = Release|Any CPU
		{8FCE48CC-43F8-4AA0-8C19-0A4E7AF0CED2}.Release|Any CPU.Build.0 = Release|Any CPU
		{8FCE48CC-43F8-4AA0-8C19-0A4E7AF0CED2}.Release|x64.ActiveCfg = Release|Any CPU
		{8FCE48CC-43F8-4AA0-8C19-0A4E7AF0CED2}.Release|x64.Build.0 = Release|Any CPU
		{8FCE48CC-43F8-4AA0-8C19-0A4E7AF0CED2}.Release|x86.ActiveCfg = Release|Any CPU
		{8FCE48CC-43F8-4AA0-8C19-0A4E7AF0CED2}.Release|x86.Build.0 = Release|Any CPU
		{4E87CB49-9642-4203-AE5B-A0184C3A25D1}.Debug|Any CPU.ActiveCfg = Debug|Any CPU
		{4E87CB49-9642-4203-AE5B-A0184C3A25D1}.Debug|Any CPU.Build.0 = Debug|Any CPU
		{4E87CB49-9642-4203-AE5B-A0184C3A25D1}.Debug|x64.ActiveCfg = Debug|Any CPU
		{4E87CB49-9642-4203-AE5B-A0184C3A25D1}.Debug|x64.Build.0 = Debug|Any CPU
		{4E87CB49-9642-4203-AE5B-A0184C3A25D1}.Debug|x86.ActiveCfg = Debug|Any CPU
		{4E87CB49-9642-4203-AE5B-A0184C3A25D1}.Debug|x86.Build.0 = Debug|Any CPU
		{4E87CB49-9642-4203-AE5B-A0184C3A25D1}.Release|Any CPU.ActiveCfg = Release|Any CPU
		{4E87CB49-9642-4203-AE5B-A0184C3A25D1}.Release|Any CPU.Build.0 = Release|Any CPU
		{4E87CB49-9642-4203-AE5B-A0184C3A25D1}.Release|x64.ActiveCfg = Release|Any CPU
		{4E87CB49-9642-4203-AE5B-A0184C3A25D1}.Release|x64.Build.0 = Release|Any CPU
		{4E87CB49-9642-4203-AE5B-A0184C3A25D1}.Release|x86.ActiveCfg = Release|Any CPU
		{4E87CB49-9642-4203-AE5B-A0184C3A25D1}.Release|x86.Build.0 = Release|Any CPU
		{3218C9C2-0F00-423A-8222-3E109E025699}.Debug|Any CPU.ActiveCfg = Debug|Any CPU
		{3218C9C2-0F00-423A-8222-3E109E025699}.Debug|Any CPU.Build.0 = Debug|Any CPU
		{3218C9C2-0F00-423A-8222-3E109E025699}.Debug|x64.ActiveCfg = Debug|Any CPU
		{3218C9C2-0F00-423A-8222-3E109E025699}.Debug|x64.Build.0 = Debug|Any CPU
		{3218C9C2-0F00-423A-8222-3E109E025699}.Debug|x86.ActiveCfg = Debug|Any CPU
		{3218C9C2-0F00-423A-8222-3E109E025699}.Debug|x86.Build.0 = Debug|Any CPU
		{3218C9C2-0F00-423A-8222-3E109E025699}.Release|Any CPU.ActiveCfg = Release|Any CPU
		{3218C9C2-0F00-423A-8222-3E109E025699}.Release|Any CPU.Build.0 = Release|Any CPU
		{3218C9C2-0F00-423A-8222-3E109E025699}.Release|x64.ActiveCfg = Release|Any CPU
		{3218C9C2-0F00-423A-8222-3E109E025699}.Release|x64.Build.0 = Release|Any CPU
		{3218C9C2-0F00-423A-8222-3E109E025699}.Release|x86.ActiveCfg = Release|Any CPU
		{3218C9C2-0F00-423A-8222-3E109E025699}.Release|x86.Build.0 = Release|Any CPU
		{470F336B-97D0-49AA-920C-742C4A4D2572}.Debug|Any CPU.ActiveCfg = Debug|Any CPU
		{470F336B-97D0-49AA-920C-742C4A4D2572}.Debug|Any CPU.Build.0 = Debug|Any CPU
		{470F336B-97D0-49AA-920C-742C4A4D2572}.Debug|x64.ActiveCfg = Debug|Any CPU
		{470F336B-97D0-49AA-920C-742C4A4D2572}.Debug|x64.Build.0 = Debug|Any CPU
		{470F336B-97D0-49AA-920C-742C4A4D2572}.Debug|x86.ActiveCfg = Debug|Any CPU
		{470F336B-97D0-49AA-920C-742C4A4D2572}.Debug|x86.Build.0 = Debug|Any CPU
		{470F336B-97D0-49AA-920C-742C4A4D2572}.Release|Any CPU.ActiveCfg = Release|Any CPU
		{470F336B-97D0-49AA-920C-742C4A4D2572}.Release|Any CPU.Build.0 = Release|Any CPU
		{470F336B-97D0-49AA-920C-742C4A4D2572}.Release|x64.ActiveCfg = Release|Any CPU
		{470F336B-97D0-49AA-920C-742C4A4D2572}.Release|x64.Build.0 = Release|Any CPU
		{470F336B-97D0-49AA-920C-742C4A4D2572}.Release|x86.ActiveCfg = Release|Any CPU
		{470F336B-97D0-49AA-920C-742C4A4D2572}.Release|x86.Build.0 = Release|Any CPU
		{DAC9BCB3-7185-4C76-AF8C-5B18E26F58B5}.Debug|Any CPU.ActiveCfg = Debug|Any CPU
		{DAC9BCB3-7185-4C76-AF8C-5B18E26F58B5}.Debug|Any CPU.Build.0 = Debug|Any CPU
		{DAC9BCB3-7185-4C76-AF8C-5B18E26F58B5}.Debug|x64.ActiveCfg = Debug|Any CPU
		{DAC9BCB3-7185-4C76-AF8C-5B18E26F58B5}.Debug|x64.Build.0 = Debug|Any CPU
		{DAC9BCB3-7185-4C76-AF8C-5B18E26F58B5}.Debug|x86.ActiveCfg = Debug|Any CPU
		{DAC9BCB3-7185-4C76-AF8C-5B18E26F58B5}.Debug|x86.Build.0 = Debug|Any CPU
		{DAC9BCB3-7185-4C76-AF8C-5B18E26F58B5}.Release|Any CPU.ActiveCfg = Release|Any CPU
		{DAC9BCB3-7185-4C76-AF8C-5B18E26F58B5}.Release|Any CPU.Build.0 = Release|Any CPU
		{DAC9BCB3-7185-4C76-AF8C-5B18E26F58B5}.Release|x64.ActiveCfg = Release|Any CPU
		{DAC9BCB3-7185-4C76-AF8C-5B18E26F58B5}.Release|x64.Build.0 = Release|Any CPU
		{DAC9BCB3-7185-4C76-AF8C-5B18E26F58B5}.Release|x86.ActiveCfg = Release|Any CPU
		{DAC9BCB3-7185-4C76-AF8C-5B18E26F58B5}.Release|x86.Build.0 = Release|Any CPU
	EndGlobalSection
	GlobalSection(SolutionProperties) = preSolution
		HideSolutionNode = FALSE
	EndGlobalSection
EndGlobal
